
Microsoft Visual Studio Solution File, Format Version 12.00
# Visual Studio Version 17
VisualStudioVersion = 17.13.35913.81 d17.13
MinimumVisualStudioVersion = 10.0.40219.1
Project("{FAE04EC0-301F-11D3-BF4B-00C04F79EFBC}") = "Facturacion", "Facturacion\Facturacion.csproj", "{137866E9-C198-41E1-A65A-0D893CFC029B}"
EndProject
Global
	GlobalSection(SolutionConfigurationPlatforms) = preSolution
		Debug|Any CPU = Debug|Any CPU
		Release|Any CPU = Release|Any CPU
	EndGlobalSection
	GlobalSection(ProjectConfigurationPlatforms) = postSolution
		{137866E9-C198-41E1-A65A-0D893CFC029B}.Debug|Any CPU.ActiveCfg = Debug|Any CPU
		{137866E9-C198-41E1-A65A-0D893CFC029B}.Debug|Any CPU.Build.0 = Debug|Any CPU
		{137866E9-C198-41E1-A65A-0D893CFC029B}.Release|Any CPU.ActiveCfg = Release|Any CPU
		{137866E9-C198-41E1-A65A-0D893CFC029B}.Release|Any CPU.Build.0 = Release|Any CPU
	EndGlobalSection
	GlobalSection(SolutionProperties) = preSolution
		HideSolutionNode = FALSE
	EndGlobalSection
	GlobalSection(ExtensibilityGlobals) = postSolution
		SolutionGuid = {2A884DB5-1C01-49AB-86B4-B4DD759F4F93}
	EndGlobalSection
EndGlobal
